
Microsoft Visual Studio Solution File, Format Version 12.00
# Visual Studio Version 17
VisualStudioVersion = 17.0.32112.339
MinimumVisualStudioVersion = 10.0.40219.1
Project("{FAE04EC0-301F-11D3-BF4B-00C04F79EFBC}") = "Blog_Site", "Blog_Site\Blog_Site.csproj", "{5F8C2BB1-3103-4D8A-8714-9EC7CFCA82A7}"
EndProject
Project("{FAE04EC0-301F-11D3-BF4B-00C04F79EFBC}") = "Models", "Models\Models.csproj", "{B88B05F0-D98F-4D3E-8278-90E9B0A35F0C}"
EndProject
Global
	GlobalSection(SolutionConfigurationPlatforms) = preSolution
		Debug|Any CPU = Debug|Any CPU
		Release|Any CPU = Release|Any CPU
	EndGlobalSection
	GlobalSection(ProjectConfigurationPlatforms) = postSolution
		{5F8C2BB1-3103-4D8A-8714-9EC7CFCA82A7}.Debug|Any CPU.ActiveCfg = Debug|Any CPU
		{5F8C2BB1-3103-4D8A-8714-9EC7CFCA82A7}.Debug|Any CPU.Build.0 = Debug|Any CPU
		{5F8C2BB1-3103-4D8A-8714-9EC7CFCA82A7}.Release|Any CPU.ActiveCfg = Release|Any CPU
		{5F8C2BB1-3103-4D8A-8714-9EC7CFCA82A7}.Release|Any CPU.Build.0 = Release|Any CPU
		{B88B05F0-D98F-4D3E-8278-90E9B0A35F0C}.Debug|Any CPU.ActiveCfg = Debug|Any CPU
		{B88B05F0-D98F-4D3E-8278-90E9B0A35F0C}.Debug|Any CPU.Build.0 = Debug|Any CPU
		{B88B05F0-D98F-4D3E-8278-90E9B0A35F0C}.Release|Any CPU.ActiveCfg = Release|Any CPU
		{B88B05F0-D98F-4D3E-8278-90E9B0A35F0C}.Release|Any CPU.Build.0 = Release|Any CPU
	EndGlobalSection
	GlobalSection(SolutionProperties) = preSolution
		HideSolutionNode = FALSE
	EndGlobalSection
	GlobalSection(ExtensibilityGlobals) = postSolution
		SolutionGuid = {E3B9C6E4-D84D-4937-ACB3-2BC3BBCECF32}
	EndGlobalSection
EndGlobal
